
Microsoft Visual Studio Solution File, Format Version 12.00
# Visual Studio Version 16
VisualStudioVersion = 16.0.28714.193
MinimumVisualStudioVersion = 10.0.40219.1
Project("{FAE04EC0-301F-11D3-BF4B-00C04F79EFBC}") = "FoodLover.Web", "FoodLover\FoodLover.Web.csproj", "{978F090F-B1F0-4666-ADD6-FC2D5720AB66}"
EndProject
Project("{FAE04EC0-301F-11D3-BF4B-00C04F79EFBC}") = "FoodLover.Data", "FoodLover.Data\FoodLover.Data.csproj", "{367B50C4-D5A4-4527-AF40-EE2658E39B0F}"
EndProject
Project("{FAE04EC0-301F-11D3-BF4B-00C04F79EFBC}") = "FoodLover.Model", "FoodLover.Model\FoodLover.Model.csproj", "{71D620E8-1068-4EAC-9FD0-93F6A0B29C6F}"
EndProject
Global
	GlobalSection(SolutionConfigurationPlatforms) = preSolution
		Debug|Any CPU = Debug|Any CPU
		Release|Any CPU = Release|Any CPU
	EndGlobalSection
	GlobalSection(ProjectConfigurationPlatforms) = postSolution
		{978F090F-B1F0-4666-ADD6-FC2D5720AB66}.Debug|Any CPU.ActiveCfg = Debug|Any CPU
		{978F090F-B1F0-4666-ADD6-FC2D5720AB66}.Debug|Any CPU.Build.0 = Debug|Any CPU
		{978F090F-B1F0-4666-ADD6-FC2D5720AB66}.Release|Any CPU.ActiveCfg = Release|Any CPU
		{978F090F-B1F0-4666-ADD6-FC2D5720AB66}.Release|Any CPU.Build.0 = Release|Any CPU
		{367B50C4-D5A4-4527-AF40-EE2658E39B0F}.Debug|Any CPU.ActiveCfg = Debug|Any CPU
		{367B50C4-D5A4-4527-AF40-EE2658E39B0F}.Debug|Any CPU.Build.0 = Debug|Any CPU
		{367B50C4-D5A4-4527-AF40-EE2658E39B0F}.Release|Any CPU.ActiveCfg = Release|Any CPU
		{367B50C4-D5A4-4527-AF40-EE2658E39B0F}.Release|Any CPU.Build.0 = Release|Any CPU
		{71D620E8-1068-4EAC-9FD0-93F6A0B29C6F}.Debug|Any CPU.ActiveCfg = Debug|Any CPU
		{71D620E8-1068-4EAC-9FD0-93F6A0B29C6F}.Debug|Any CPU.Build.0 = Debug|Any CPU
		{71D620E8-1068-4EAC-9FD0-93F6A0B29C6F}.Release|Any CPU.ActiveCfg = Release|Any CPU
		{71D620E8-1068-4EAC-9FD0-93F6A0B29C6F}.Release|Any CPU.Build.0 = Release|Any CPU
	EndGlobalSection
	GlobalSection(SolutionProperties) = preSolution
		HideSolutionNode = FALSE
	EndGlobalSection
	GlobalSection(ExtensibilityGlobals) = postSolution
		SolutionGuid = {FBA6E384-87D4-4634-BF97-B9E602E508A9}
	EndGlobalSection
EndGlobal
